// !$*UTF8*$!
{
	archiveVersion = 1;
	classes = {
	};
	objectVersion = 50;
	objects = {

/* Begin PBXBuildFile section */
		21105BC220BCB53700D045C3 /* PokeCell.swift in Sources */ = {isa = PBXBuildFile; fileRef = 21105BC120BCB53700D045C3 /* PokeCell.swift */; };
		211CDCBF20BD7D37002CD61E /* csv.swift in Sources */ = {isa = PBXBuildFile; fileRef = 211CDCBE20BD7D37002CD61E /* csv.swift */; };
		212A395320BD8D3D00C8C251 /* pokemon.ttf in Resources */ = {isa = PBXBuildFile; fileRef = 212A395220BD8D3D00C8C251 /* pokemon.ttf */; };
		2143BA8920BDA48F00A0508C /* music.png in Resources */ = {isa = PBXBuildFile; fileRef = 2143BA8820BDA48F00A0508C /* music.png */; };
		2143BA8B20BDA58700A0508C /* music.mp3 in Resources */ = {isa = PBXBuildFile; fileRef = 2143BA8A20BDA58700A0508C /* music.mp3 */; };
		2150A49020BEEA16007C3C8D /* PokemonDetailVC.swift in Sources */ = {isa = PBXBuildFile; fileRef = 2150A48F20BEEA16007C3C8D /* PokemonDetailVC.swift */; };
		21EA755A20BC48A7007ABDE0 /* pokemon.csv in Resources */ = {isa = PBXBuildFile; fileRef = 21EA755920BC48A6007ABDE0 /* pokemon.csv */; };
		21EA755D20BC49B0007ABDE0 /* Pokemon.swift in Sources */ = {isa = PBXBuildFile; fileRef = 21EA755C20BC49B0007ABDE0 /* Pokemon.swift */; };
		21EE225720BB634000E80844 /* AppDelegate.swift in Sources */ = {isa = PBXBuildFile; fileRef = 21EE225620BB634000E80844 /* AppDelegate.swift */; };
		21EE225920BB634000E80844 /* ViewController.swift in Sources */ = {isa = PBXBuildFile; fileRef = 21EE225820BB634000E80844 /* ViewController.swift */; };
		21EE225C20BB634000E80844 /* Main.storyboard in Resources */ = {isa = PBXBuildFile; fileRef = 21EE225A20BB634000E80844 /* Main.storyboard */; };
		21EE225E20BB634100E80844 /* Assets.xcassets in Resources */ = {isa = PBXBuildFile; fileRef = 21EE225D20BB634100E80844 /* Assets.xcassets */; };
		21EE226120BB634100E80844 /* LaunchScreen.storyboard in Resources */ = {isa = PBXBuildFile; fileRef = 21EE225F20BB634100E80844 /* LaunchScreen.storyboard */; };
/* End PBXBuildFile section */

/* Begin PBXFileReference section */
		21105BC120BCB53700D045C3 /* PokeCell.swift */ = {isa = PBXFileReference; lastKnownFileType = sourcecode.swift; path = PokeCell.swift; sourceTree = "<group>"; };
		211CDCBE20BD7D37002CD61E /* csv.swift */ = {isa = PBXFileReference; lastKnownFileType = sourcecode.swift; path = csv.swift; sourceTree = "<group>"; };
		212A395220BD8D3D00C8C251 /* pokemon.ttf */ = {isa = PBXFileReference; lastKnownFileType = file; path = pokemon.ttf; sourceTree = "<group>"; };
		2143BA8820BDA48F00A0508C /* music.png */ = {isa = PBXFileReference; lastKnownFileType = image.png; path = music.png; sourceTree = "<group>"; };
		2143BA8A20BDA58700A0508C /* music.mp3 */ = {isa = PBXFileReference; lastKnownFileType = audio.mp3; path = music.mp3; sourceTree = "<group>"; };
		2150A48F20BEEA16007C3C8D /* PokemonDetailVC.swift */ = {isa = PBXFileReference; lastKnownFileType = sourcecode.swift; path = PokemonDetailVC.swift; sourceTree = "<group>"; };
		21EA755920BC48A6007ABDE0 /* pokemon.csv */ = {isa = PBXFileReference; fileEncoding = 4; lastKnownFileType = text; path = pokemon.csv; sourceTree = "<group>"; };
		21EA755C20BC49B0007ABDE0 /* Pokemon.swift */ = {isa = PBXFileReference; lastKnownFileType = sourcecode.swift; path = Pokemon.swift; sourceTree = "<group>"; };
		21EE225320BB634000E80844 /* Pokedex.app */ = {isa = PBXFileReference; explicitFileType = wrapper.application; includeInIndex = 0; path = Pokedex.app; sourceTree = BUILT_PRODUCTS_DIR; };
		21EE225620BB634000E80844 /* AppDelegate.swift */ = {isa = PBXFileReference; lastKnownFileType = sourcecode.swift; path = AppDelegate.swift; sourceTree = "<group>"; };
		21EE225820BB634000E80844 /* ViewController.swift */ = {isa = PBXFileReference; lastKnownFileType = sourcecode.swift; path = ViewController.swift; sourceTree = "<group>"; };
		21EE225B20BB634000E80844 /* Base */ = {isa = PBXFileReference; lastKnownFileType = file.storyboard; name = Base; path = Base.lproj/Main.storyboard; sourceTree = "<group>"; };
		21EE225D20BB634100E80844 /* Assets.xcassets */ = {isa = PBXFileReference; lastKnownFileType = folder.assetcatalog; path = Assets.xcassets; sourceTree = "<group>"; };
		21EE226020BB634100E80844 /* Base */ = {isa = PBXFileReference; lastKnownFileType = file.storyboard; name = Base; path = Base.lproj/LaunchScreen.storyboard; sourceTree = "<group>"; };
		21EE226220BB634100E80844 /* Info.plist */ = {isa = PBXFileReference; lastKnownFileType = text.plist.xml; path = Info.plist; sourceTree = "<group>"; };
/* End PBXFileReference section */

/* Begin PBXFrameworksBuildPhase section */
		21EE225020BB634000E80844 /* Frameworks */ = {
			isa = PBXFrameworksBuildPhase;
			buildActionMask = 2147483647;
			files = (
			);
			runOnlyForDeploymentPostprocessing = 0;
		};
/* End PBXFrameworksBuildPhase section */

/* Begin PBXGroup section */
		21105BC020BCB50400D045C3 /* View */ = {
			isa = PBXGroup;
			children = (
				21105BC120BCB53700D045C3 /* PokeCell.swift */,
			);
			path = View;
			sourceTree = "<group>";
		};
		212A395420BD8D4B00C8C251 /* Controller */ = {
			isa = PBXGroup;
			children = (
				21EE225820BB634000E80844 /* ViewController.swift */,
				2150A48F20BEEA16007C3C8D /* PokemonDetailVC.swift */,
			);
			path = Controller;
			sourceTree = "<group>";
		};
		212A395520BD8D5900C8C251 /* Resources */ = {
			isa = PBXGroup;
			children = (
				21EA755920BC48A6007ABDE0 /* pokemon.csv */,
				212A395220BD8D3D00C8C251 /* pokemon.ttf */,
				2143BA8A20BDA58700A0508C /* music.mp3 */,
				2143BA8820BDA48F00A0508C /* music.png */,
			);
			path = Resources;
			sourceTree = "<group>";
		};
		2143BA8720BDA22E00A0508C /* Util */ = {
			isa = PBXGroup;
			children = (
				211CDCBE20BD7D37002CD61E /* csv.swift */,
			);
			path = Util;
			sourceTree = "<group>";
		};
		21EA755B20BC4993007ABDE0 /* Model */ = {
			isa = PBXGroup;
			children = (
				21EA755C20BC49B0007ABDE0 /* Pokemon.swift */,
			);
			path = Model;
			sourceTree = "<group>";
		};
		21EE224A20BB634000E80844 = {
			isa = PBXGroup;
			children = (
				21EE225520BB634000E80844 /* Pokedex */,
				21EE225420BB634000E80844 /* Products */,
			);
			sourceTree = "<group>";
		};
		21EE225420BB634000E80844 /* Products */ = {
			isa = PBXGroup;
			children = (
				21EE225320BB634000E80844 /* Pokedex.app */,
			);
			name = Products;
			sourceTree = "<group>";
		};
		21EE225520BB634000E80844 /* Pokedex */ = {
			isa = PBXGroup;
			children = (
				21EA755B20BC4993007ABDE0 /* Model */,
				21105BC020BCB50400D045C3 /* View */,
				212A395420BD8D4B00C8C251 /* Controller */,
				212A395520BD8D5900C8C251 /* Resources */,
				2143BA8720BDA22E00A0508C /* Util */,
				21EE225620BB634000E80844 /* AppDelegate.swift */,
				21EE225A20BB634000E80844 /* Main.storyboard */,
				21EE225D20BB634100E80844 /* Assets.xcassets */,
				21EE225F20BB634100E80844 /* LaunchScreen.storyboard */,
				21EE226220BB634100E80844 /* Info.plist */,
			);
			path = Pokedex;
			sourceTree = "<group>";
		};
/* End PBXGroup section */

/* Begin PBXNativeTarget section */
		21EE225220BB634000E80844 /* Pokedex */ = {
			isa = PBXNativeTarget;
			buildConfigurationList = 21EE226520BB634100E80844 /* Build configuration list for PBXNativeTarget "Pokedex" */;
			buildPhases = (
				21EE224F20BB634000E80844 /* Sources */,
				21EE225020BB634000E80844 /* Frameworks */,
				21EE225120BB634000E80844 /* Resources */,
			);
			buildRules = (
			);
			dependencies = (
			);
			name = Pokedex;
			productName = Pokedex;
			productReference = 21EE225320BB634000E80844 /* Pokedex.app */;
			productType = "com.apple.product-type.application";
		};
/* End PBXNativeTarget section */

/* Begin PBXProject section */
		21EE224B20BB634000E80844 /* Project object */ = {
			isa = PBXProject;
			attributes = {
				LastSwiftUpdateCheck = 0930;
				LastUpgradeCheck = 0930;
				ORGANIZATIONNAME = "Georgi Teoharov";
				TargetAttributes = {
					21EE225220BB634000E80844 = {
						CreatedOnToolsVersion = 9.3.1;
					};
				};
			};
			buildConfigurationList = 21EE224E20BB634000E80844 /* Build configuration list for PBXProject "Pokedex" */;
			compatibilityVersion = "Xcode 9.3";
			developmentRegion = en;
			hasScannedForEncodings = 0;
			knownRegions = (
				en,
				Base,
			);
			mainGroup = 21EE224A20BB634000E80844;
			productRefGroup = 21EE225420BB634000E80844 /* Products */;
			projectDirPath = "";
			projectRoot = "";
			targets = (
				21EE225220BB634000E80844 /* Pokedex */,
			);
		};
/* End PBXProject section */

/* Begin PBXResourcesBuildPhase section */
		21EE225120BB634000E80844 /* Resources */ = {
			isa = PBXResourcesBuildPhase;
			buildActionMask = 2147483647;
			files = (
				212A395320BD8D3D00C8C251 /* pokemon.ttf in Resources */,
				21EE226120BB634100E80844 /* LaunchScreen.storyboard in Resources */,
				21EE225E20BB634100E80844 /* Assets.xcassets in Resources */,
				21EA755A20BC48A7007ABDE0 /* pokemon.csv in Resources */,
				21EE225C20BB634000E80844 /* Main.storyboard in Resources */,
				2143BA8B20BDA58700A0508C /* music.mp3 in Resources */,
				2143BA8920BDA48F00A0508C /* music.png in Resources */,
			);
			runOnlyForDeploymentPostprocessing = 0;
		};
/* End PBXResourcesBuildPhase section */

/* Begin PBXSourcesBuildPhase section */
		21EE224F20BB634000E80844 /* Sources */ = {
			isa = PBXSourcesBuildPhase;
			buildActionMask = 2147483647;
			files = (
				21105BC220BCB53700D045C3 /* PokeCell.swift in Sources */,
				21EE225920BB634000E80844 /* ViewController.swift in Sources */,
				21EE225720BB634000E80844 /* AppDelegate.swift in Sources */,
				2150A49020BEEA16007C3C8D /* PokemonDetailVC.swift in Sources */,
				21EA755D20BC49B0007ABDE0 /* Pokemon.swift in Sources */,
				211CDCBF20BD7D37002CD61E /* csv.swift in Sources */,
			);
			runOnlyForDeploymentPostprocessing = 0;
		};
/* End PBXSourcesBuildPhase section */

/* Begin PBXVariantGroup section */
		21EE225A20BB634000E80844 /* Main.storyboard */ = {
			isa = PBXVariantGroup;
			children = (
				21EE225B20BB634000E80844 /* Base */,
			);
			name = Main.storyboard;
			sourceTree = "<group>";
		};
		21EE225F20BB634100E80844 /* LaunchScreen.storyboard */ = {
			isa = PBXVariantGroup;
			children = (
				21EE226020BB634100E80844 /* Base */,
			);
			name = LaunchScreen.storyboard;
			sourceTree = "<group>";
		};
/* End PBXVariantGroup section */

/* Begin XCBuildConfiguration section */
		21EE226320BB634100E80844 /* Debug */ = {
			isa = XCBuildConfiguration;
			buildSettings = {
				ALWAYS_SEARCH_USER_PATHS = NO;
				CLANG_ANALYZER_NONNULL = YES;
				CLANG_ANALYZER_NUMBER_OBJECT_CONVERSION = YES_AGGRESSIVE;
				CLANG_CXX_LANGUAGE_STANDARD = "gnu++14";
				CLANG_CXX_LIBRARY = "libc++";
				CLANG_ENABLE_MODULES = YES;
				CLANG_ENABLE_OBJC_ARC = YES;
				CLANG_ENABLE_OBJC_WEAK = YES;
				CLANG_WARN_BLOCK_CAPTURE_AUTORELEASING = YES;
				CLANG_WARN_BOOL_CONVERSION = YES;
				CLANG_WARN_COMMA = YES;
				CLANG_WARN_CONSTANT_CONVERSION = YES;
				CLANG_WARN_DEPRECATED_OBJC_IMPLEMENTATIONS = YES;
				CLANG_WARN_DIRECT_OBJC_ISA_USAGE = YES_ERROR;
				CLANG_WARN_DOCUMENTATION_COMMENTS = YES;
				CLANG_WARN_EMPTY_BODY = YES;
				CLANG_WARN_ENUM_CONVERSION = YES;
				CLANG_WARN_INFINITE_RECURSION = YES;
				CLANG_WARN_INT_CONVERSION = YES;
				CLANG_WARN_NON_LITERAL_NULL_CONVERSION = YES;
				CLANG_WARN_OBJC_IMPLICIT_RETAIN_SELF = YES;
				CLANG_WARN_OBJC_LITERAL_CONVERSION = YES;
				CLANG_WARN_OBJC_ROOT_CLASS = YES_ERROR;
				CLANG_WARN_RANGE_LOOP_ANALYSIS = YES;
				CLANG_WARN_STRICT_PROTOTYPES = YES;
				CLANG_WARN_SUSPICIOUS_MOVE = YES;
				CLANG_WARN_UNGUARDED_AVAILABILITY = YES_AGGRESSIVE;
				CLANG_WARN_UNREACHABLE_CODE = YES;
				CLANG_WARN__DUPLICATE_METHOD_MATCH = YES;
				CODE_SIGN_IDENTITY = "iPhone Developer";
				COPY_PHASE_STRIP = NO;
				DEBUG_INFORMATION_FORMAT = dwarf;
				ENABLE_STRICT_OBJC_MSGSEND = YES;
				ENABLE_TESTABILITY = YES;
				GCC_C_LANGUAGE_STANDARD = gnu11;
				GCC_DYNAMIC_NO_PIC = NO;
				GCC_NO_COMMON_BLOCKS = YES;
				GCC_OPTIMIZATION_LEVEL = 0;
				GCC_PREPROCESSOR_DEFINITIONS = (
					"DEBUG=1",
					"$(inherited)",
				);
				GCC_WARN_64_TO_32_BIT_CONVERSION = YES;
				GCC_WARN_ABOUT_RETURN_TYPE = YES_ERROR;
				GCC_WARN_UNDECLARED_SELECTOR = YES;
				GCC_WARN_UNINITIALIZED_AUTOS = YES_AGGRESSIVE;
				GCC_WARN_UNUSED_FUNCTION = YES;
				GCC_WARN_UNUSED_VARIABLE = YES;
				IPHONEOS_DEPLOYMENT_TARGET = 11.3;
				MTL_ENABLE_DEBUG_INFO = YES;
				ONLY_ACTIVE_ARCH = YES;
				SDKROOT = iphoneos;
				SWIFT_ACTIVE_COMPILATION_CONDITIONS = DEBUG;
				SWIFT_OPTIMIZATION_LEVEL = "-Onone";
			};
			name = Debug;
		};
		21EE226420BB634100E80844 /* Release */ = {
			isa = XCBuildConfiguration;
			buildSettings = {
				ALWAYS_SEARCH_USER_PATHS = NO;
				CLANG_ANALYZER_NONNULL = YES;
				CLANG_ANALYZER_NUMBER_OBJECT_CONVERSION = YES_AGGRESSIVE;
				CLANG_CXX_LANGUAGE_STANDARD = "gnu++14";
				CLANG_CXX_LIBRARY = "libc++";
				CLANG_ENABLE_MODULES = YES;
				CLANG_ENABLE_OBJC_ARC = YES;
				CLANG_ENABLE_OBJC_WEAK = YES;
				CLANG_WARN_BLOCK_CAPTURE_AUTORELEASING = YES;
				CLANG_WARN_BOOL_CONVERSION = YES;
				CLANG_WARN_COMMA = YES;
				CLANG_WARN_CONSTANT_CONVERSION = YES;
				CLANG_WARN_DEPRECATED_OBJC_IMPLEMENTATIONS = YES;
				CLANG_WARN_DIRECT_OBJC_ISA_USAGE = YES_ERROR;
				CLANG_WARN_DOCUMENTATION_COMMENTS = YES;
				CLANG_WARN_EMPTY_BODY = YES;
				CLANG_WARN_ENUM_CONVERSION = YES;
				CLANG_WARN_INFINITE_RECURSION = YES;
				CLANG_WARN_INT_CONVERSION = YES;
				CLANG_WARN_NON_LITERAL_NULL_CONVERSION = YES;
				CLANG_WARN_OBJC_IMPLICIT_RETAIN_SELF = YES;
				CLANG_WARN_OBJC_LITERAL_CONVERSION = YES;
				CLANG_WARN_OBJC_ROOT_CLASS = YES_ERROR;
				CLANG_WARN_RANGE_LOOP_ANALYSIS = YES;
				CLANG_WARN_STRICT_PROTOTYPES = YES;
				CLANG_WARN_SUSPICIOUS_MOVE = YES;
				CLANG_WARN_UNGUARDED_AVAILABILITY = YES_AGGRESSIVE;
				CLANG_WARN_UNREACHABLE_CODE = YES;
				CLANG_WARN__DUPLICATE_METHOD_MATCH = YES;
				CODE_SIGN_IDENTITY = "iPhone Developer";
				COPY_PHASE_STRIP = NO;
				DEBUG_INFORMATION_FORMAT = "dwarf-with-dsym";
				ENABLE_NS_ASSERTIONS = NO;
				ENABLE_STRICT_OBJC_MSGSEND = YES;
				GCC_C_LANGUAGE_STANDARD = gnu11;
				GCC_NO_COMMON_BLOCKS = YES;
				GCC_WARN_64_TO_32_BIT_CONVERSION = YES;
				GCC_WARN_ABOUT_RETURN_TYPE = YES_ERROR;
				GCC_WARN_UNDECLARED_SELECTOR = YES;
				GCC_WARN_UNINITIALIZED_AUTOS = YES_AGGRESSIVE;
				GCC_WARN_UNUSED_FUNCTION = YES;
				GCC_WARN_UNUSED_VARIABLE = YES;
				IPHONEOS_DEPLOYMENT_TARGET = 11.3;
				MTL_ENABLE_DEBUG_INFO = NO;
				SDKROOT = iphoneos;
				SWIFT_COMPILATION_MODE = wholemodule;
				SWIFT_OPTIMIZATION_LEVEL = "-O";
				VALIDATE_PRODUCT = YES;
			};
			name = Release;
		};
		21EE226620BB634100E80844 /* Debug */ = {
			isa = XCBuildConfiguration;
			buildSettings = {
				ASSETCATALOG_COMPILER_APPICON_NAME = AppIcon;
				CODE_SIGN_STYLE = Automatic;
				DEVELOPMENT_TEAM = 7ZH7VGKXU6;
				INFOPLIST_FILE = Pokedex/Info.plist;
				LD_RUNPATH_SEARCH_PATHS = (
					"$(inherited)",
					"@executable_path/Frameworks",
				);
				PRODUCT_BUNDLE_IDENTIFIER = org.teoharov.Pokedex;
				PRODUCT_NAME = "$(TARGET_NAME)";
				SWIFT_VERSION = 4.0;
				TARGETED_DEVICE_FAMILY = "1,2";
			};
			name = Debug;
		};
		21EE226720BB634100E80844 /* Release */ = {
			isa = XCBuildConfiguration;
			buildSettings = {
				ASSETCATALOG_COMPILER_APPICON_NAME = AppIcon;
				CODE_SIGN_STYLE = Automatic;
				DEVELOPMENT_TEAM = 7ZH7VGKXU6;
				INFOPLIST_FILE = Pokedex/Info.plist;
				LD_RUNPATH_SEARCH_PATHS = (
					"$(inherited)",
					"@executable_path/Frameworks",
				);
				PRODUCT_BUNDLE_IDENTIFIER = org.teoharov.Pokedex;
				PRODUCT_NAME = "$(TARGET_NAME)";
				SWIFT_VERSION = 4.0;
				TARGETED_DEVICE_FAMILY = "1,2";
			};
			name = Release;
		};
/* End XCBuildConfiguration section */

/* Begin XCConfigurationList section */
		21EE224E20BB634000E80844 /* Build configuration list for PBXProject "Pokedex" */ = {
			isa = XCConfigurationList;
			buildConfigurations = (
				21EE226320BB634100E80844 /* Debug */,
				21EE226420BB634100E80844 /* Release */,
			);
			defaultConfigurationIsVisible = 0;
			defaultConfigurationName = Release;
		};
		21EE226520BB634100E80844 /* Build configuration list for PBXNativeTarget "Pokedex" */ = {
			isa = XCConfigurationList;
			buildConfigurations = (
				21EE226620BB634100E80844 /* Debug */,
				21EE226720BB634100E80844 /* Release */,
			);
			defaultConfigurationIsVisible = 0;
			defaultConfigurationName = Release;
		};
/* End XCConfigurationList section */
	};
	rootObject = 21EE224B20BB634000E80844 /* Project object */;
}
